
Microsoft Visual Studio Solution File, Format Version 12.00
# Visual Studio Version 16
VisualStudioVersion = 16.0.29326.143
MinimumVisualStudioVersion = 10.0.40219.1
Project("{9A19103F-16F7-4668-BE54-9A1E7A4F7556}") = "LogReader", "LogReader\LogReader.csproj", "{4BE81C31-8ADF-42A2-BE6D-B8EB14F3F86C}"
EndProject
Project("{FAE04EC0-301F-11D3-BF4B-00C04F79EFBC}") = "LogReader.Tests", "LogReader.Tests\LogReader.Tests.csproj", "{035A7CD5-D6E9-42B3-91C4-905594FFC91A}"
EndProject
Global
	GlobalSection(SolutionConfigurationPlatforms) = preSolution
		Debug|Any CPU = Debug|Any CPU
		Release|Any CPU = Release|Any CPU
	EndGlobalSection
	GlobalSection(ProjectConfigurationPlatforms) = postSolution
		{4BE81C31-8ADF-42A2-BE6D-B8EB14F3F86C}.Debug|Any CPU.ActiveCfg = Debug|Any CPU
		{4BE81C31-8ADF-42A2-BE6D-B8EB14F3F86C}.Debug|Any CPU.Build.0 = Debug|Any CPU
		{4BE81C31-8ADF-42A2-BE6D-B8EB14F3F86C}.Release|Any CPU.ActiveCfg = Release|Any CPU
		{4BE81C31-8ADF-42A2-BE6D-B8EB14F3F86C}.Release|Any CPU.Build.0 = Release|Any CPU
		{035A7CD5-D6E9-42B3-91C4-905594FFC91A}.Debug|Any CPU.ActiveCfg = Debug|Any CPU
		{035A7CD5-D6E9-42B3-91C4-905594FFC91A}.Debug|Any CPU.Build.0 = Debug|Any CPU
		{035A7CD5-D6E9-42B3-91C4-905594FFC91A}.Release|Any CPU.ActiveCfg = Release|Any CPU
		{035A7CD5-D6E9-42B3-91C4-905594FFC91A}.Release|Any CPU.Build.0 = Release|Any CPU
	EndGlobalSection
	GlobalSection(SolutionProperties) = preSolution
		HideSolutionNode = FALSE
	EndGlobalSection
	GlobalSection(ExtensibilityGlobals) = postSolution
		SolutionGuid = {BE8A2870-E78A-4B9F-97A6-25AF947259EB}
	EndGlobalSection
EndGlobal
